
Microsoft Visual Studio Solution File, Format Version 12.00
# Visual Studio 2013
VisualStudioVersion = 12.0.30723.0
MinimumVisualStudioVersion = 10.0.40219.1
Project("{FAE04EC0-301F-11D3-BF4B-00C04F79EFBC}") = "DungeonService", "DungeonService\DungeonService.csproj", "{231E5FF3-7F29-4304-B73D-BE2083B3B633}"
EndProject
Project("{FAE04EC0-301F-11D3-BF4B-00C04F79EFBC}") = "DungeonCommon", "DungeonCommon\DungeonCommon.csproj", "{B0304E36-FEF3-4E14-AD3A-848545F8B56E}"
EndProject
Project("{2150E333-8FDC-42A3-9474-1A3956D46DE8}") = ".nuget", ".nuget", "{A6D27C89-A447-424E-8654-E4B0177E66CC}"
	ProjectSection(SolutionItems) = preProject
		.nuget\NuGet.Config = .nuget\NuGet.Config
	EndProjectSection
EndProject
Project("{FAE04EC0-301F-11D3-BF4B-00C04F79EFBC}") = "DungeonServiceConsole", "DungeonServiceConsole\DungeonServiceConsole.csproj", "{DD1B8178-0D89-4805-BD6F-6DB1A1FC1719}"
EndProject
Global
	GlobalSection(SolutionConfigurationPlatforms) = preSolution
		Debug|Any CPU = Debug|Any CPU
		Release|Any CPU = Release|Any CPU
	EndGlobalSection
	GlobalSection(ProjectConfigurationPlatforms) = postSolution
		{231E5FF3-7F29-4304-B73D-BE2083B3B633}.Debug|Any CPU.ActiveCfg = Debug|Any CPU
		{231E5FF3-7F29-4304-B73D-BE2083B3B633}.Debug|Any CPU.Build.0 = Debug|Any CPU
		{231E5FF3-7F29-4304-B73D-BE2083B3B633}.Release|Any CPU.ActiveCfg = Release|Any CPU
		{231E5FF3-7F29-4304-B73D-BE2083B3B633}.Release|Any CPU.Build.0 = Release|Any CPU
		{B0304E36-FEF3-4E14-AD3A-848545F8B56E}.Debug|Any CPU.ActiveCfg = Debug|Any CPU
		{B0304E36-FEF3-4E14-AD3A-848545F8B56E}.Debug|Any CPU.Build.0 = Debug|Any CPU
		{B0304E36-FEF3-4E14-AD3A-848545F8B56E}.Release|Any CPU.ActiveCfg = Release|Any CPU
		{B0304E36-FEF3-4E14-AD3A-848545F8B56E}.Release|Any CPU.Build.0 = Release|Any CPU
		{DD1B8178-0D89-4805-BD6F-6DB1A1FC1719}.Debug|Any CPU.ActiveCfg = Debug|Any CPU
		{DD1B8178-0D89-4805-BD6F-6DB1A1FC1719}.Debug|Any CPU.Build.0 = Debug|Any CPU
		{DD1B8178-0D89-4805-BD6F-6DB1A1FC1719}.Release|Any CPU.ActiveCfg = Release|Any CPU
		{DD1B8178-0D89-4805-BD6F-6DB1A1FC1719}.Release|Any CPU.Build.0 = Release|Any CPU
	EndGlobalSection
	GlobalSection(SolutionProperties) = preSolution
		HideSolutionNode = FALSE
	EndGlobalSection
EndGlobal
